
Microsoft Visual Studio Solution File, Format Version 12.00
# Visual Studio Version 17
VisualStudioVersion = 17.14.36414.22 d17.14
MinimumVisualStudioVersion = 10.0.40219.1
Project("{FAE04EC0-301F-11D3-BF4B-00C04F79EFBC}") = "HelpDeskLite", "HelpDeskLite.csproj", "{2F2C8F80-CBA9-4CB2-B0C0-0EC0FA56836B}"
EndProject
Global
	GlobalSection(SolutionConfigurationPlatforms) = preSolution
		Debug|Any CPU = Debug|Any CPU
		Release|Any CPU = Release|Any CPU
	EndGlobalSection
	GlobalSection(ProjectConfigurationPlatforms) = postSolution
		{2F2C8F80-CBA9-4CB2-B0C0-0EC0FA56836B}.Debug|Any CPU.ActiveCfg = Debug|Any CPU
		{2F2C8F80-CBA9-4CB2-B0C0-0EC0FA56836B}.Debug|Any CPU.Build.0 = Debug|Any CPU
		{2F2C8F80-CBA9-4CB2-B0C0-0EC0FA56836B}.Release|Any CPU.ActiveCfg = Release|Any CPU
		{2F2C8F80-CBA9-4CB2-B0C0-0EC0FA56836B}.Release|Any CPU.Build.0 = Release|Any CPU
	EndGlobalSection
	GlobalSection(SolutionProperties) = preSolution
		HideSolutionNode = FALSE
	EndGlobalSection
	GlobalSection(ExtensibilityGlobals) = postSolution
		SolutionGuid = {B70E790B-4DD8-4E03-8F15-2B16AFF942F8}
	EndGlobalSection
EndGlobal
